
Microsoft Visual Studio Solution File, Format Version 12.00
# Visual Studio Version 16
VisualStudioVersion = 16.0.29920.165
MinimumVisualStudioVersion = 10.0.40219.1
Project("{9A19103F-16F7-4668-BE54-9A1E7A4F7556}") = "WhatCanIGetFromYouWeb", "WhatCanIGetFromYouWeb\WhatCanIGetFromYouWeb.csproj", "{47DCF961-499D-42D0-9FF5-5610825DFDC3}"
EndProject
Global
	GlobalSection(SolutionConfigurationPlatforms) = preSolution
		Debug|Any CPU = Debug|Any CPU
		Release|Any CPU = Release|Any CPU
	EndGlobalSection
	GlobalSection(ProjectConfigurationPlatforms) = postSolution
		{47DCF961-499D-42D0-9FF5-5610825DFDC3}.Debug|Any CPU.ActiveCfg = Debug|Any CPU
		{47DCF961-499D-42D0-9FF5-5610825DFDC3}.Debug|Any CPU.Build.0 = Debug|Any CPU
		{47DCF961-499D-42D0-9FF5-5610825DFDC3}.Release|Any CPU.ActiveCfg = Release|Any CPU
		{47DCF961-499D-42D0-9FF5-5610825DFDC3}.Release|Any CPU.Build.0 = Release|Any CPU
	EndGlobalSection
	GlobalSection(SolutionProperties) = preSolution
		HideSolutionNode = FALSE
	EndGlobalSection
	GlobalSection(ExtensibilityGlobals) = postSolution
		SolutionGuid = {979FBCC8-B6D0-44F2-8582-3977F1CD818E}
	EndGlobalSection
EndGlobal
